
Microsoft Visual Studio Solution File, Format Version 12.00
# Visual Studio Version 17
VisualStudioVersion = 17.0.31903.59
MinimumVisualStudioVersion = 10.0.40219.1
Project("{F2A71F9B-5D33-465A-A702-920D77279786}") = "CounterApp", "MVU\CounterApp\CounterApp.fsproj", "{E2143DA6-7783-42DA-A8BF-EF5124FC06E2}"
EndProject
Project("{F2A71F9B-5D33-465A-A702-920D77279786}") = "DrawingApp", "MVU\DrawingApp\DrawingApp.fsproj", "{2698CB5A-A34E-4FB4-8A62-CB51CB619272}"
EndProject
Project("{F2A71F9B-5D33-465A-A702-920D77279786}") = "GameOfLife", "MVU\GameOfLife\GameOfLife.fsproj", "{5696B43D-363A-4B31-BF54-1E81E4F53F8C}"
EndProject
Project("{F2A71F9B-5D33-465A-A702-920D77279786}") = "GitHubClient", "MVU\GitHubClient\GitHubClient.fsproj", "{4A3BC629-EE14-4760-8F5E-C19F5B3659AB}"
EndProject
Project("{F2A71F9B-5D33-465A-A702-920D77279786}") = "Tetris", "MVU\Tetris\Tetris.fsproj", "{0F174D6D-6152-4649-9BE5-B41D52A155C6}"
EndProject
Project("{F2A71F9B-5D33-465A-A702-920D77279786}") = "TicTacToe", "MVU\TicTacToe\TicTacToe.fsproj", "{CFF43F4F-2C66-4E68-8399-6B47AD8B0AA5}"
EndProject
Project("{2150E333-8FDC-42A3-9474-1A3956D46DE8}") = "MVU", "MVU", "{2D0A38CA-8409-4D0A-82EB-AB3229FB1E6E}"
EndProject
Project("{F2A71F9B-5D33-465A-A702-920D77279786}") = "CounterApp", "MVU\CounterApp\CounterApp.fsproj", "{36EF915D-6F75-464D-90A7-81B024E0C731}"
EndProject
Project("{F2A71F9B-5D33-465A-A702-920D77279786}") = "DrawingApp", "MVU\DrawingApp\DrawingApp.fsproj", "{6F2481DF-00FE-4E57-9AA5-BD6CF5E2933D}"
EndProject
Project("{F2A71F9B-5D33-465A-A702-920D77279786}") = "GameOfLife", "MVU\GameOfLife\GameOfLife.fsproj", "{54EA0572-39D2-4BEC-A0BC-7F0152139620}"
EndProject
Project("{F2A71F9B-5D33-465A-A702-920D77279786}") = "GitHubClient", "MVU\GitHubClient\GitHubClient.fsproj", "{168CDB71-A042-4619-B622-C0417F8F2F2D}"
EndProject
Project("{F2A71F9B-5D33-465A-A702-920D77279786}") = "Tetris", "MVU\Tetris\Tetris.fsproj", "{32A2D1DC-3D4D-472E-B94B-83BDB9219380}"
EndProject
Project("{F2A71F9B-5D33-465A-A702-920D77279786}") = "TicTacToe", "MVU\TicTacToe\TicTacToe.fsproj", "{7E7F177F-B939-4FC6-B33A-CB7C34D9C00E}"
EndProject
Project("{2150E333-8FDC-42A3-9474-1A3956D46DE8}") = "Component", "Component", "{4E99FDB6-487D-45EB-9CDD-BB84B5D8EEB8}"
EndProject
Project("{F2A71F9B-5D33-465A-A702-920D77279786}") = "MvuCounterApp", "Component\MvuCounterApp\MvuCounterApp.fsproj", "{B0A9544F-C32B-42C6-95BF-6F502BD07104}"
EndProject
Global
	GlobalSection(SolutionConfigurationPlatforms) = preSolution
		Debug|Any CPU = Debug|Any CPU
		Release|Any CPU = Release|Any CPU
	EndGlobalSection
	GlobalSection(SolutionProperties) = preSolution
		HideSolutionNode = FALSE
	EndGlobalSection
	GlobalSection(ProjectConfigurationPlatforms) = postSolution
		{E2143DA6-7783-42DA-A8BF-EF5124FC06E2}.Debug|Any CPU.ActiveCfg = Debug|Any CPU
		{E2143DA6-7783-42DA-A8BF-EF5124FC06E2}.Debug|Any CPU.Build.0 = Debug|Any CPU
		{E2143DA6-7783-42DA-A8BF-EF5124FC06E2}.Release|Any CPU.ActiveCfg = Release|Any CPU
		{E2143DA6-7783-42DA-A8BF-EF5124FC06E2}.Release|Any CPU.Build.0 = Release|Any CPU
		{2698CB5A-A34E-4FB4-8A62-CB51CB619272}.Debug|Any CPU.ActiveCfg = Debug|Any CPU
		{2698CB5A-A34E-4FB4-8A62-CB51CB619272}.Debug|Any CPU.Build.0 = Debug|Any CPU
		{2698CB5A-A34E-4FB4-8A62-CB51CB619272}.Release|Any CPU.ActiveCfg = Release|Any CPU
		{2698CB5A-A34E-4FB4-8A62-CB51CB619272}.Release|Any CPU.Build.0 = Release|Any CPU
		{5696B43D-363A-4B31-BF54-1E81E4F53F8C}.Debug|Any CPU.ActiveCfg = Debug|Any CPU
		{5696B43D-363A-4B31-BF54-1E81E4F53F8C}.Debug|Any CPU.Build.0 = Debug|Any CPU
		{5696B43D-363A-4B31-BF54-1E81E4F53F8C}.Release|Any CPU.ActiveCfg = Release|Any CPU
		{5696B43D-363A-4B31-BF54-1E81E4F53F8C}.Release|Any CPU.Build.0 = Release|Any CPU
		{4A3BC629-EE14-4760-8F5E-C19F5B3659AB}.Debug|Any CPU.ActiveCfg = Debug|Any CPU
		{4A3BC629-EE14-4760-8F5E-C19F5B3659AB}.Debug|Any CPU.Build.0 = Debug|Any CPU
		{4A3BC629-EE14-4760-8F5E-C19F5B3659AB}.Release|Any CPU.ActiveCfg = Release|Any CPU
		{4A3BC629-EE14-4760-8F5E-C19F5B3659AB}.Release|Any CPU.Build.0 = Release|Any CPU
		{0F174D6D-6152-4649-9BE5-B41D52A155C6}.Debug|Any CPU.ActiveCfg = Debug|Any CPU
		{0F174D6D-6152-4649-9BE5-B41D52A155C6}.Debug|Any CPU.Build.0 = Debug|Any CPU
		{0F174D6D-6152-4649-9BE5-B41D52A155C6}.Release|Any CPU.ActiveCfg = Release|Any CPU
		{0F174D6D-6152-4649-9BE5-B41D52A155C6}.Release|Any CPU.Build.0 = Release|Any CPU
		{CFF43F4F-2C66-4E68-8399-6B47AD8B0AA5}.Debug|Any CPU.ActiveCfg = Debug|Any CPU
		{CFF43F4F-2C66-4E68-8399-6B47AD8B0AA5}.Debug|Any CPU.Build.0 = Debug|Any CPU
		{CFF43F4F-2C66-4E68-8399-6B47AD8B0AA5}.Release|Any CPU.ActiveCfg = Release|Any CPU
		{CFF43F4F-2C66-4E68-8399-6B47AD8B0AA5}.Release|Any CPU.Build.0 = Release|Any CPU
		{36EF915D-6F75-464D-90A7-81B024E0C731}.Debug|Any CPU.ActiveCfg = Debug|Any CPU
		{36EF915D-6F75-464D-90A7-81B024E0C731}.Debug|Any CPU.Build.0 = Debug|Any CPU
		{36EF915D-6F75-464D-90A7-81B024E0C731}.Release|Any CPU.ActiveCfg = Release|Any CPU
		{36EF915D-6F75-464D-90A7-81B024E0C731}.Release|Any CPU.Build.0 = Release|Any CPU
		{6F2481DF-00FE-4E57-9AA5-BD6CF5E2933D}.Debug|Any CPU.ActiveCfg = Debug|Any CPU
		{6F2481DF-00FE-4E57-9AA5-BD6CF5E2933D}.Debug|Any CPU.Build.0 = Debug|Any CPU
		{6F2481DF-00FE-4E57-9AA5-BD6CF5E2933D}.Release|Any CPU.ActiveCfg = Release|Any CPU
		{6F2481DF-00FE-4E57-9AA5-BD6CF5E2933D}.Release|Any CPU.Build.0 = Release|Any CPU
		{54EA0572-39D2-4BEC-A0BC-7F0152139620}.Debug|Any CPU.ActiveCfg = Debug|Any CPU
		{54EA0572-39D2-4BEC-A0BC-7F0152139620}.Debug|Any CPU.Build.0 = Debug|Any CPU
		{54EA0572-39D2-4BEC-A0BC-7F0152139620}.Release|Any CPU.ActiveCfg = Release|Any CPU
		{54EA0572-39D2-4BEC-A0BC-7F0152139620}.Release|Any CPU.Build.0 = Release|Any CPU
		{168CDB71-A042-4619-B622-C0417F8F2F2D}.Debug|Any CPU.ActiveCfg = Debug|Any CPU
		{168CDB71-A042-4619-B622-C0417F8F2F2D}.Debug|Any CPU.Build.0 = Debug|Any CPU
		{168CDB71-A042-4619-B622-C0417F8F2F2D}.Release|Any CPU.ActiveCfg = Release|Any CPU
		{168CDB71-A042-4619-B622-C0417F8F2F2D}.Release|Any CPU.Build.0 = Release|Any CPU
		{32A2D1DC-3D4D-472E-B94B-83BDB9219380}.Debug|Any CPU.ActiveCfg = Debug|Any CPU
		{32A2D1DC-3D4D-472E-B94B-83BDB9219380}.Debug|Any CPU.Build.0 = Debug|Any CPU
		{32A2D1DC-3D4D-472E-B94B-83BDB9219380}.Release|Any CPU.ActiveCfg = Release|Any CPU
		{32A2D1DC-3D4D-472E-B94B-83BDB9219380}.Release|Any CPU.Build.0 = Release|Any CPU
		{7E7F177F-B939-4FC6-B33A-CB7C34D9C00E}.Debug|Any CPU.ActiveCfg = Debug|Any CPU
		{7E7F177F-B939-4FC6-B33A-CB7C34D9C00E}.Debug|Any CPU.Build.0 = Debug|Any CPU
		{7E7F177F-B939-4FC6-B33A-CB7C34D9C00E}.Release|Any CPU.ActiveCfg = Release|Any CPU
		{7E7F177F-B939-4FC6-B33A-CB7C34D9C00E}.Release|Any CPU.Build.0 = Release|Any CPU
		{B0A9544F-C32B-42C6-95BF-6F502BD07104}.Debug|Any CPU.ActiveCfg = Debug|Any CPU
		{B0A9544F-C32B-42C6-95BF-6F502BD07104}.Debug|Any CPU.Build.0 = Debug|Any CPU
		{B0A9544F-C32B-42C6-95BF-6F502BD07104}.Release|Any CPU.ActiveCfg = Release|Any CPU
		{B0A9544F-C32B-42C6-95BF-6F502BD07104}.Release|Any CPU.Build.0 = Release|Any CPU
	EndGlobalSection
	GlobalSection(NestedProjects) = preSolution
		{36EF915D-6F75-464D-90A7-81B024E0C731} = {2D0A38CA-8409-4D0A-82EB-AB3229FB1E6E}
		{6F2481DF-00FE-4E57-9AA5-BD6CF5E2933D} = {2D0A38CA-8409-4D0A-82EB-AB3229FB1E6E}
		{54EA0572-39D2-4BEC-A0BC-7F0152139620} = {2D0A38CA-8409-4D0A-82EB-AB3229FB1E6E}
		{168CDB71-A042-4619-B622-C0417F8F2F2D} = {2D0A38CA-8409-4D0A-82EB-AB3229FB1E6E}
		{32A2D1DC-3D4D-472E-B94B-83BDB9219380} = {2D0A38CA-8409-4D0A-82EB-AB3229FB1E6E}
		{7E7F177F-B939-4FC6-B33A-CB7C34D9C00E} = {2D0A38CA-8409-4D0A-82EB-AB3229FB1E6E}
		{B0A9544F-C32B-42C6-95BF-6F502BD07104} = {4E99FDB6-487D-45EB-9CDD-BB84B5D8EEB8}
	EndGlobalSection
EndGlobal
